
Microsoft Visual Studio Solution File, Format Version 12.00
# Visual Studio 15
VisualStudioVersion = 15.0.28307.329
MinimumVisualStudioVersion = 10.0.40219.1
Project("{FAE04EC0-301F-11D3-BF4B-00C04F79EFBC}") = "Tarea4", "Tarea4\Tarea4.csproj", "{AA59E297-B69B-4AE8-8C17-691DEC10D5DB}"
EndProject
Global
	GlobalSection(SolutionConfigurationPlatforms) = preSolution
		Debug|Any CPU = Debug|Any CPU
		Release|Any CPU = Release|Any CPU
	EndGlobalSection
	GlobalSection(ProjectConfigurationPlatforms) = postSolution
		{AA59E297-B69B-4AE8-8C17-691DEC10D5DB}.Debug|Any CPU.ActiveCfg = Debug|Any CPU
		{AA59E297-B69B-4AE8-8C17-691DEC10D5DB}.Debug|Any CPU.Build.0 = Debug|Any CPU
		{AA59E297-B69B-4AE8-8C17-691DEC10D5DB}.Release|Any CPU.ActiveCfg = Release|Any CPU
		{AA59E297-B69B-4AE8-8C17-691DEC10D5DB}.Release|Any CPU.Build.0 = Release|Any CPU
	EndGlobalSection
	GlobalSection(SolutionProperties) = preSolution
		HideSolutionNode = FALSE
	EndGlobalSection
	GlobalSection(ExtensibilityGlobals) = postSolution
		SolutionGuid = {D1172F95-148C-424C-8B90-71F3F18CA4E5}
	EndGlobalSection
EndGlobal
